// !$*UTF8*$!
{
	archiveVersion = 1;
	classes = {
	};
	objectVersion = 56;
	objects = {

/* Begin PBXBuildFile section */
		CE1057692AAB38DA00C6512A /* ActiveIncome.swift in Sources */ = {isa = PBXBuildFile; fileRef = CE1057682AAB38DA00C6512A /* ActiveIncome.swift */; };
		CE10576B2AAB49BA00C6512A /* IncomeSource.swift in Sources */ = {isa = PBXBuildFile; fileRef = CE10576A2AAB49BA00C6512A /* IncomeSource.swift */; };
		CE10576F2AAB4E2500C6512A /* IncomesTab.swift in Sources */ = {isa = PBXBuildFile; fileRef = CE10576E2AAB4E2500C6512A /* IncomesTab.swift */; };
		CE1057712AAB4F0800C6512A /* IncomeCreationView.swift in Sources */ = {isa = PBXBuildFile; fileRef = CE1057702AAB4F0800C6512A /* IncomeCreationView.swift */; };
		CE1057732AAB543900C6512A /* ActiveIncomeView.swift in Sources */ = {isa = PBXBuildFile; fileRef = CE1057722AAB543900C6512A /* ActiveIncomeView.swift */; };
		CE10577B2AAC7C7A00C6512A /* GeneralError.swift in Sources */ = {isa = PBXBuildFile; fileRef = CE10577A2AAC7C7A00C6512A /* GeneralError.swift */; };
		CE10577D2AAC7EF200C6512A /* PassiveIncome.swift in Sources */ = {isa = PBXBuildFile; fileRef = CE10577C2AAC7EF200C6512A /* PassiveIncome.swift */; };
		CE10577F2AAC7FEA00C6512A /* IncomeType.swift in Sources */ = {isa = PBXBuildFile; fileRef = CE10577E2AAC7FEA00C6512A /* IncomeType.swift */; };
		CE177BC729D23EAC00C79390 /* AssetsControlApp.swift in Sources */ = {isa = PBXBuildFile; fileRef = CE177BC629D23EAC00C79390 /* AssetsControlApp.swift */; };
		CE177BC929D23EAC00C79390 /* MainView.swift in Sources */ = {isa = PBXBuildFile; fileRef = CE177BC829D23EAC00C79390 /* MainView.swift */; };
		CE177BCB29D23EAE00C79390 /* Assets.xcassets in Resources */ = {isa = PBXBuildFile; fileRef = CE177BCA29D23EAE00C79390 /* Assets.xcassets */; };
		CE177BCE29D23EAE00C79390 /* Preview Assets.xcassets in Resources */ = {isa = PBXBuildFile; fileRef = CE177BCD29D23EAE00C79390 /* Preview Assets.xcassets */; };
		CE30DC7429D2DAEB009C519A /* ExpenseCreationView.swift in Sources */ = {isa = PBXBuildFile; fileRef = CE30DC7329D2DAEB009C519A /* ExpenseCreationView.swift */; };
		CE30DC7629D2DC7B009C519A /* Expense.swift in Sources */ = {isa = PBXBuildFile; fileRef = CE30DC7529D2DC7B009C519A /* Expense.swift */; };
		CE30DC7829D2DD9E009C519A /* Symbol.swift in Sources */ = {isa = PBXBuildFile; fileRef = CE30DC7729D2DD9E009C519A /* Symbol.swift */; };
		CE30DC7A29D2DEB1009C519A /* Debt.swift in Sources */ = {isa = PBXBuildFile; fileRef = CE30DC7929D2DEB1009C519A /* Debt.swift */; };
		CE30DC8029D2E959009C519A /* SymbolPicker.swift in Sources */ = {isa = PBXBuildFile; fileRef = CE30DC7F29D2E959009C519A /* SymbolPicker.swift */; };
		CE30DC8529D2EA4E009C519A /* NumberFormatterContainer.swift in Sources */ = {isa = PBXBuildFile; fileRef = CE30DC8429D2EA4E009C519A /* NumberFormatterContainer.swift */; };
		CE30DC8729D2EC8D009C519A /* Asset.swift in Sources */ = {isa = PBXBuildFile; fileRef = CE30DC8629D2EC8D009C519A /* Asset.swift */; };
		CE30DC8929D2EDB2009C519A /* Stock.swift in Sources */ = {isa = PBXBuildFile; fileRef = CE30DC8829D2EDB2009C519A /* Stock.swift */; };
		CE30DC8B29D2EED3009C519A /* Income.swift in Sources */ = {isa = PBXBuildFile; fileRef = CE30DC8A29D2EED3009C519A /* Income.swift */; };
		CE30DC9129D2FD98009C519A /* ExpenseView.swift in Sources */ = {isa = PBXBuildFile; fileRef = CE30DC9029D2FD98009C519A /* ExpenseView.swift */; };
		CE30DC9329D2FE62009C519A /* SymbolImage.swift in Sources */ = {isa = PBXBuildFile; fileRef = CE30DC9229D2FE62009C519A /* SymbolImage.swift */; };
		CE30DC9529D30C1E009C519A /* FinancialData.swift in Sources */ = {isa = PBXBuildFile; fileRef = CE30DC9429D30C1E009C519A /* FinancialData.swift */; };
		CE30DC9829D30CB8009C519A /* FinancialDataStore.swift in Sources */ = {isa = PBXBuildFile; fileRef = CE30DC9729D30CB8009C519A /* FinancialDataStore.swift */; };
		CE30DC9A29D320C0009C519A /* DateFormatterContainer.swift in Sources */ = {isa = PBXBuildFile; fileRef = CE30DC9929D320C0009C519A /* DateFormatterContainer.swift */; };
		CE30DCBD29D326B7009C519A /* Collection+Ext.swift in Sources */ = {isa = PBXBuildFile; fileRef = CE30DCBC29D326B7009C519A /* Collection+Ext.swift */; };
		CE30DCBF29D32778009C519A /* TimeInterval+Ext.swift in Sources */ = {isa = PBXBuildFile; fileRef = CE30DCBE29D32778009C519A /* TimeInterval+Ext.swift */; };
		CE30DCC129D327B5009C519A /* Image+Ext.swift in Sources */ = {isa = PBXBuildFile; fileRef = CE30DCC029D327B5009C519A /* Image+Ext.swift */; };
		CE30DCC329D327E2009C519A /* Color+Ext.swift in Sources */ = {isa = PBXBuildFile; fileRef = CE30DCC229D327E2009C519A /* Color+Ext.swift */; };
		CE30DCC629D3291B009C519A /* ExpensesTab.swift in Sources */ = {isa = PBXBuildFile; fileRef = CE30DCC529D3291B009C519A /* ExpensesTab.swift */; };
		CE30DCC929D32BB1009C519A /* AssetsTab.swift in Sources */ = {isa = PBXBuildFile; fileRef = CE30DCC829D32BB1009C519A /* AssetsTab.swift */; };
		CE30DCCB29D455DE009C519A /* TimeIntervalFormatter.swift in Sources */ = {isa = PBXBuildFile; fileRef = CE30DC6E29D2D44E009C519A /* TimeIntervalFormatter.swift */; };
		CE30DCCC29D455E2009C519A /* StringFormatterContainer.swift in Sources */ = {isa = PBXBuildFile; fileRef = CE30DC6B29D2D44E009C519A /* StringFormatterContainer.swift */; };
		CE30DCCD29D455E6009C519A /* Currency.swift in Sources */ = {isa = PBXBuildFile; fileRef = CE30DC6729D2D44E009C519A /* Currency.swift */; };
		CE30DCCE29D455EA009C519A /* RootPresentationModeKey.swift in Sources */ = {isa = PBXBuildFile; fileRef = CE30DC7029D2D44E009C519A /* RootPresentationModeKey.swift */; };
		CE30DCCF29D455EE009C519A /* Time.swift in Sources */ = {isa = PBXBuildFile; fileRef = CE30DC6229D2D44E009C519A /* Time.swift */; };
		CE30DCD029D455F0009C519A /* Day.swift in Sources */ = {isa = PBXBuildFile; fileRef = CE30DC6329D2D44E009C519A /* Day.swift */; };
		CE30DCD129D455F1009C519A /* Money.swift in Sources */ = {isa = PBXBuildFile; fileRef = CE30DC6429D2D44E009C519A /* Money.swift */; };
		CE30DCD229D455F3009C519A /* AlertItem.swift in Sources */ = {isa = PBXBuildFile; fileRef = CE30DC6529D2D44E009C519A /* AlertItem.swift */; };
		CE30DCD329D455FD009C519A /* CloseNavigationButton.swift in Sources */ = {isa = PBXBuildFile; fileRef = CE30DC5129D2D400009C519A /* CloseNavigationButton.swift */; };
		CE30DCD429D455FE009C519A /* ColorfulBadge.swift in Sources */ = {isa = PBXBuildFile; fileRef = CE30DC4E29D2D400009C519A /* ColorfulBadge.swift */; };
		CE30DCD729D45602009C519A /* MultilineTextField.swift in Sources */ = {isa = PBXBuildFile; fileRef = CE30DC4D29D2D400009C519A /* MultilineTextField.swift */; };
		CE30DCD829D45604009C519A /* MultiSelectPickerView.swift in Sources */ = {isa = PBXBuildFile; fileRef = CE30DC4C29D2D400009C519A /* MultiSelectPickerView.swift */; };
		CE30DCDA29D45606009C519A /* OptionalDoubleField.swift in Sources */ = {isa = PBXBuildFile; fileRef = CE30DC7D29D2E922009C519A /* OptionalDoubleField.swift */; };
		CE30DCE529D456E7009C519A /* Comparable+Ext.swift in Sources */ = {isa = PBXBuildFile; fileRef = CE30DCE029D456E7009C519A /* Comparable+Ext.swift */; };
		CE30DCE729D456E7009C519A /* String+Ext.swift in Sources */ = {isa = PBXBuildFile; fileRef = CE30DCDF29D456E7009C519A /* String+Ext.swift */; };
		CE30DCE829D456E7009C519A /* DateComponents+Ext.swift in Sources */ = {isa = PBXBuildFile; fileRef = CE30DCE429D456E7009C519A /* DateComponents+Ext.swift */; };
		CE30DCE929D456E7009C519A /* JsonExtension.swift in Sources */ = {isa = PBXBuildFile; fileRef = CE30DCE129D456E7009C519A /* JsonExtension.swift */; };
		CE30DCEA29D456E7009C519A /* Dictionary+Ext.swift in Sources */ = {isa = PBXBuildFile; fileRef = CE30DCE229D456E7009C519A /* Dictionary+Ext.swift */; };
		CE30DCEB29D456E7009C519A /* UIApplication+Ext.swift in Sources */ = {isa = PBXBuildFile; fileRef = CE30DCDC29D456E7009C519A /* UIApplication+Ext.swift */; };
		CE30DCEC29D456E7009C519A /* UIScreen+Ext.swift in Sources */ = {isa = PBXBuildFile; fileRef = CE30DCDE29D456E7009C519A /* UIScreen+Ext.swift */; };
		CE30DCED29D456E7009C519A /* View+Ext.swift in Sources */ = {isa = PBXBuildFile; fileRef = CE30DCDD29D456E7009C519A /* View+Ext.swift */; };
		CE30DCEE29D456E7009C519A /* Date+Ext.swift in Sources */ = {isa = PBXBuildFile; fileRef = CE30DCDB29D456E7009C519A /* Date+Ext.swift */; };
		CE30DCF029D4585E009C519A /* TestValueExtension.swift in Sources */ = {isa = PBXBuildFile; fileRef = CE30DCEF29D4585E009C519A /* TestValueExtension.swift */; };
		CE7026132AB06DC4004912E6 /* PortfolioIncome.swift in Sources */ = {isa = PBXBuildFile; fileRef = CE7026122AB06DC4004912E6 /* PortfolioIncome.swift */; };
		CE7026152AB06FD6004912E6 /* AbstractIncome.swift in Sources */ = {isa = PBXBuildFile; fileRef = CE7026142AB06FD6004912E6 /* AbstractIncome.swift */; };
		CE8B4EBF2ACB390F004C8144 /* MoneyCountField.swift in Sources */ = {isa = PBXBuildFile; fileRef = CE8B4EBE2ACB390F004C8144 /* MoneyCountField.swift */; };
		CE8B4EC12ACB3961004C8144 /* MoneyInputField.swift in Sources */ = {isa = PBXBuildFile; fileRef = CE8B4EC02ACB3961004C8144 /* MoneyInputField.swift */; };
		CE8B4EC32ACB3978004C8144 /* BankrollView.swift in Sources */ = {isa = PBXBuildFile; fileRef = CE8B4EC22ACB3978004C8144 /* BankrollView.swift */; };
		CE8B4EC52ACB3987004C8144 /* CurrencyIcon.swift in Sources */ = {isa = PBXBuildFile; fileRef = CE8B4EC42ACB3987004C8144 /* CurrencyIcon.swift */; };
		CE8B4EC72ACB3995004C8144 /* CurrencyPicker.swift in Sources */ = {isa = PBXBuildFile; fileRef = CE8B4EC62ACB3995004C8144 /* CurrencyPicker.swift */; };
		CE8B4EC92ACB39A7004C8144 /* CurrencyView.swift in Sources */ = {isa = PBXBuildFile; fileRef = CE8B4EC82ACB39A7004C8144 /* CurrencyView.swift */; };
		CE8B4ECB2ACB39B5004C8144 /* SmallCurrencyPicker.swift in Sources */ = {isa = PBXBuildFile; fileRef = CE8B4ECA2ACB39B5004C8144 /* SmallCurrencyPicker.swift */; };
		CE8B4ECE2ACB39D9004C8144 /* BankrollShape.swift in Sources */ = {isa = PBXBuildFile; fileRef = CE8B4ECD2ACB39D9004C8144 /* BankrollShape.swift */; };
		CE8B4ED02ACB3A85004C8144 /* CGSize+Ext.swift in Sources */ = {isa = PBXBuildFile; fileRef = CE8B4ECF2ACB3A85004C8144 /* CGSize+Ext.swift */; };
		CE8B4ED22ACB3A96004C8144 /* Text+Ext.swift in Sources */ = {isa = PBXBuildFile; fileRef = CE8B4ED12ACB3A96004C8144 /* Text+Ext.swift */; };
		CE8B4ED42ACB3AC0004C8144 /* UIColor+Ext.swift in Sources */ = {isa = PBXBuildFile; fileRef = CE8B4ED32ACB3AC0004C8144 /* UIColor+Ext.swift */; };
		CE8B4ED62ACB3AF1004C8144 /* Int+Ext.swift in Sources */ = {isa = PBXBuildFile; fileRef = CE8B4ED52ACB3AF1004C8144 /* Int+Ext.swift */; };
		CE8B4EDA2ACB3B6B004C8144 /* RoundedTextFieldStyle.swift in Sources */ = {isa = PBXBuildFile; fileRef = CE8B4ED92ACB3B6B004C8144 /* RoundedTextFieldStyle.swift */; };
		CE8B4EDC2ACB3B83004C8144 /* LargeButtonStyle.swift in Sources */ = {isa = PBXBuildFile; fileRef = CE8B4EDB2ACB3B83004C8144 /* LargeButtonStyle.swift */; };
		CE8B4EDE2ACB3BBC004C8144 /* ForEachWithIndex.swift in Sources */ = {isa = PBXBuildFile; fileRef = CE8B4EDD2ACB3BBC004C8144 /* ForEachWithIndex.swift */; };
		CE8B4EE02ACB3C18004C8144 /* CurrencyPickerScreen.swift in Sources */ = {isa = PBXBuildFile; fileRef = CE8B4EDF2ACB3C18004C8144 /* CurrencyPickerScreen.swift */; };
		CE8B4EE22ACB3C3F004C8144 /* MoneyHolderPicker.swift in Sources */ = {isa = PBXBuildFile; fileRef = CE8B4EE12ACB3C3F004C8144 /* MoneyHolderPicker.swift */; };
		CEFD301B29DFDC12008A3071 /* MoneyHolder.swift in Sources */ = {isa = PBXBuildFile; fileRef = CEFD301A29DFDC12008A3071 /* MoneyHolder.swift */; };
		CEFD301F29DFE2E4008A3071 /* OtherTab.swift in Sources */ = {isa = PBXBuildFile; fileRef = CEFD301E29DFE2E4008A3071 /* OtherTab.swift */; };
		CEFD302129DFE3E3008A3071 /* MoneyHolderCreationView.swift in Sources */ = {isa = PBXBuildFile; fileRef = CEFD302029DFE3E3008A3071 /* MoneyHolderCreationView.swift */; };
		CEFD302329DFEAA7008A3071 /* MoneyHolderRowView.swift in Sources */ = {isa = PBXBuildFile; fileRef = CEFD302229DFEAA7008A3071 /* MoneyHolderRowView.swift */; };
		CEFD302729E1318F008A3071 /* NumericTextField.swift in Sources */ = {isa = PBXBuildFile; fileRef = CEFD302629E1318F008A3071 /* NumericTextField.swift */; };
		CEFD303129E18FC2008A3071 /* Transaction.swift in Sources */ = {isa = PBXBuildFile; fileRef = CEFD303029E18FC2008A3071 /* Transaction.swift */; };
/* End PBXBuildFile section */

/* Begin PBXFileReference section */
		CE1057682AAB38DA00C6512A /* ActiveIncome.swift */ = {isa = PBXFileReference; lastKnownFileType = sourcecode.swift; path = ActiveIncome.swift; sourceTree = "<group>"; };
		CE10576A2AAB49BA00C6512A /* IncomeSource.swift */ = {isa = PBXFileReference; lastKnownFileType = sourcecode.swift; path = IncomeSource.swift; sourceTree = "<group>"; };
		CE10576E2AAB4E2500C6512A /* IncomesTab.swift */ = {isa = PBXFileReference; lastKnownFileType = sourcecode.swift; path = IncomesTab.swift; sourceTree = "<group>"; };
		CE1057702AAB4F0800C6512A /* IncomeCreationView.swift */ = {isa = PBXFileReference; lastKnownFileType = sourcecode.swift; path = IncomeCreationView.swift; sourceTree = "<group>"; };
		CE1057722AAB543900C6512A /* ActiveIncomeView.swift */ = {isa = PBXFileReference; lastKnownFileType = sourcecode.swift; path = ActiveIncomeView.swift; sourceTree = "<group>"; };
		CE10577A2AAC7C7A00C6512A /* GeneralError.swift */ = {isa = PBXFileReference; lastKnownFileType = sourcecode.swift; path = GeneralError.swift; sourceTree = "<group>"; };
		CE10577C2AAC7EF200C6512A /* PassiveIncome.swift */ = {isa = PBXFileReference; lastKnownFileType = sourcecode.swift; path = PassiveIncome.swift; sourceTree = "<group>"; };
		CE10577E2AAC7FEA00C6512A /* IncomeType.swift */ = {isa = PBXFileReference; lastKnownFileType = sourcecode.swift; path = IncomeType.swift; sourceTree = "<group>"; };
		CE177BC329D23EAC00C79390 /* AssetsControl.app */ = {isa = PBXFileReference; explicitFileType = wrapper.application; includeInIndex = 0; path = AssetsControl.app; sourceTree = BUILT_PRODUCTS_DIR; };
		CE177BC629D23EAC00C79390 /* AssetsControlApp.swift */ = {isa = PBXFileReference; lastKnownFileType = sourcecode.swift; path = AssetsControlApp.swift; sourceTree = "<group>"; };
		CE177BC829D23EAC00C79390 /* MainView.swift */ = {isa = PBXFileReference; lastKnownFileType = sourcecode.swift; path = MainView.swift; sourceTree = "<group>"; };
		CE177BCA29D23EAE00C79390 /* Assets.xcassets */ = {isa = PBXFileReference; lastKnownFileType = folder.assetcatalog; path = Assets.xcassets; sourceTree = "<group>"; };
		CE177BCD29D23EAE00C79390 /* Preview Assets.xcassets */ = {isa = PBXFileReference; lastKnownFileType = folder.assetcatalog; path = "Preview Assets.xcassets"; sourceTree = "<group>"; };
		CE30DC4C29D2D400009C519A /* MultiSelectPickerView.swift */ = {isa = PBXFileReference; lastKnownFileType = sourcecode.swift; path = MultiSelectPickerView.swift; sourceTree = "<group>"; };
		CE30DC4D29D2D400009C519A /* MultilineTextField.swift */ = {isa = PBXFileReference; lastKnownFileType = sourcecode.swift; path = MultilineTextField.swift; sourceTree = "<group>"; };
		CE30DC4E29D2D400009C519A /* ColorfulBadge.swift */ = {isa = PBXFileReference; lastKnownFileType = sourcecode.swift; path = ColorfulBadge.swift; sourceTree = "<group>"; };
		CE30DC5129D2D400009C519A /* CloseNavigationButton.swift */ = {isa = PBXFileReference; lastKnownFileType = sourcecode.swift; path = CloseNavigationButton.swift; sourceTree = "<group>"; };
		CE30DC6229D2D44E009C519A /* Time.swift */ = {isa = PBXFileReference; lastKnownFileType = sourcecode.swift; path = Time.swift; sourceTree = "<group>"; };
		CE30DC6329D2D44E009C519A /* Day.swift */ = {isa = PBXFileReference; lastKnownFileType = sourcecode.swift; path = Day.swift; sourceTree = "<group>"; };
		CE30DC6429D2D44E009C519A /* Money.swift */ = {isa = PBXFileReference; lastKnownFileType = sourcecode.swift; path = Money.swift; sourceTree = "<group>"; };
		CE30DC6529D2D44E009C519A /* AlertItem.swift */ = {isa = PBXFileReference; lastKnownFileType = sourcecode.swift; path = AlertItem.swift; sourceTree = "<group>"; };
		CE30DC6729D2D44E009C519A /* Currency.swift */ = {isa = PBXFileReference; lastKnownFileType = sourcecode.swift; path = Currency.swift; sourceTree = "<group>"; };
		CE30DC6B29D2D44E009C519A /* StringFormatterContainer.swift */ = {isa = PBXFileReference; lastKnownFileType = sourcecode.swift; path = StringFormatterContainer.swift; sourceTree = "<group>"; };
		CE30DC6E29D2D44E009C519A /* TimeIntervalFormatter.swift */ = {isa = PBXFileReference; lastKnownFileType = sourcecode.swift; path = TimeIntervalFormatter.swift; sourceTree = "<group>"; };
		CE30DC7029D2D44E009C519A /* RootPresentationModeKey.swift */ = {isa = PBXFileReference; lastKnownFileType = sourcecode.swift; path = RootPresentationModeKey.swift; sourceTree = "<group>"; };
		CE30DC7329D2DAEB009C519A /* ExpenseCreationView.swift */ = {isa = PBXFileReference; lastKnownFileType = sourcecode.swift; path = ExpenseCreationView.swift; sourceTree = "<group>"; };
		CE30DC7529D2DC7B009C519A /* Expense.swift */ = {isa = PBXFileReference; lastKnownFileType = sourcecode.swift; path = Expense.swift; sourceTree = "<group>"; };
		CE30DC7729D2DD9E009C519A /* Symbol.swift */ = {isa = PBXFileReference; lastKnownFileType = sourcecode.swift; path = Symbol.swift; sourceTree = "<group>"; };
		CE30DC7929D2DEB1009C519A /* Debt.swift */ = {isa = PBXFileReference; lastKnownFileType = sourcecode.swift; path = Debt.swift; sourceTree = "<group>"; };
		CE30DC7D29D2E922009C519A /* OptionalDoubleField.swift */ = {isa = PBXFileReference; lastKnownFileType = sourcecode.swift; path = OptionalDoubleField.swift; sourceTree = "<group>"; };
		CE30DC7F29D2E959009C519A /* SymbolPicker.swift */ = {isa = PBXFileReference; lastKnownFileType = sourcecode.swift; path = SymbolPicker.swift; sourceTree = "<group>"; };
		CE30DC8429D2EA4E009C519A /* NumberFormatterContainer.swift */ = {isa = PBXFileReference; lastKnownFileType = sourcecode.swift; path = NumberFormatterContainer.swift; sourceTree = "<group>"; };
		CE30DC8629D2EC8D009C519A /* Asset.swift */ = {isa = PBXFileReference; lastKnownFileType = sourcecode.swift; path = Asset.swift; sourceTree = "<group>"; };
		CE30DC8829D2EDB2009C519A /* Stock.swift */ = {isa = PBXFileReference; lastKnownFileType = sourcecode.swift; path = Stock.swift; sourceTree = "<group>"; };
		CE30DC8A29D2EED3009C519A /* Income.swift */ = {isa = PBXFileReference; lastKnownFileType = sourcecode.swift; path = Income.swift; sourceTree = "<group>"; };
		CE30DC9029D2FD98009C519A /* ExpenseView.swift */ = {isa = PBXFileReference; lastKnownFileType = sourcecode.swift; path = ExpenseView.swift; sourceTree = "<group>"; };
		CE30DC9229D2FE62009C519A /* SymbolImage.swift */ = {isa = PBXFileReference; lastKnownFileType = sourcecode.swift; path = SymbolImage.swift; sourceTree = "<group>"; };
		CE30DC9429D30C1E009C519A /* FinancialData.swift */ = {isa = PBXFileReference; lastKnownFileType = sourcecode.swift; path = FinancialData.swift; sourceTree = "<group>"; };
		CE30DC9729D30CB8009C519A /* FinancialDataStore.swift */ = {isa = PBXFileReference; lastKnownFileType = sourcecode.swift; path = FinancialDataStore.swift; sourceTree = "<group>"; };
		CE30DC9929D320C0009C519A /* DateFormatterContainer.swift */ = {isa = PBXFileReference; lastKnownFileType = sourcecode.swift; path = DateFormatterContainer.swift; sourceTree = "<group>"; };
		CE30DCBC29D326B7009C519A /* Collection+Ext.swift */ = {isa = PBXFileReference; lastKnownFileType = sourcecode.swift; path = "Collection+Ext.swift"; sourceTree = "<group>"; };
		CE30DCBE29D32778009C519A /* TimeInterval+Ext.swift */ = {isa = PBXFileReference; lastKnownFileType = sourcecode.swift; path = "TimeInterval+Ext.swift"; sourceTree = "<group>"; };
		CE30DCC029D327B5009C519A /* Image+Ext.swift */ = {isa = PBXFileReference; lastKnownFileType = sourcecode.swift; path = "Image+Ext.swift"; sourceTree = "<group>"; };
		CE30DCC229D327E2009C519A /* Color+Ext.swift */ = {isa = PBXFileReference; lastKnownFileType = sourcecode.swift; path = "Color+Ext.swift"; sourceTree = "<group>"; };
		CE30DCC529D3291B009C519A /* ExpensesTab.swift */ = {isa = PBXFileReference; lastKnownFileType = sourcecode.swift; path = ExpensesTab.swift; sourceTree = "<group>"; };
		CE30DCC829D32BB1009C519A /* AssetsTab.swift */ = {isa = PBXFileReference; lastKnownFileType = sourcecode.swift; path = AssetsTab.swift; sourceTree = "<group>"; };
		CE30DCDB29D456E7009C519A /* Date+Ext.swift */ = {isa = PBXFileReference; lastKnownFileType = sourcecode.swift; path = "Date+Ext.swift"; sourceTree = "<group>"; };
		CE30DCDC29D456E7009C519A /* UIApplication+Ext.swift */ = {isa = PBXFileReference; lastKnownFileType = sourcecode.swift; path = "UIApplication+Ext.swift"; sourceTree = "<group>"; };
		CE30DCDD29D456E7009C519A /* View+Ext.swift */ = {isa = PBXFileReference; lastKnownFileType = sourcecode.swift; path = "View+Ext.swift"; sourceTree = "<group>"; };
		CE30DCDE29D456E7009C519A /* UIScreen+Ext.swift */ = {isa = PBXFileReference; lastKnownFileType = sourcecode.swift; path = "UIScreen+Ext.swift"; sourceTree = "<group>"; };
		CE30DCDF29D456E7009C519A /* String+Ext.swift */ = {isa = PBXFileReference; lastKnownFileType = sourcecode.swift; path = "String+Ext.swift"; sourceTree = "<group>"; };
		CE30DCE029D456E7009C519A /* Comparable+Ext.swift */ = {isa = PBXFileReference; lastKnownFileType = sourcecode.swift; path = "Comparable+Ext.swift"; sourceTree = "<group>"; };
		CE30DCE129D456E7009C519A /* JsonExtension.swift */ = {isa = PBXFileReference; lastKnownFileType = sourcecode.swift; path = JsonExtension.swift; sourceTree = "<group>"; };
		CE30DCE229D456E7009C519A /* Dictionary+Ext.swift */ = {isa = PBXFileReference; lastKnownFileType = sourcecode.swift; path = "Dictionary+Ext.swift"; sourceTree = "<group>"; };
		CE30DCE429D456E7009C519A /* DateComponents+Ext.swift */ = {isa = PBXFileReference; lastKnownFileType = sourcecode.swift; path = "DateComponents+Ext.swift"; sourceTree = "<group>"; };
		CE30DCEF29D4585E009C519A /* TestValueExtension.swift */ = {isa = PBXFileReference; lastKnownFileType = sourcecode.swift; path = TestValueExtension.swift; sourceTree = "<group>"; };
		CE7026122AB06DC4004912E6 /* PortfolioIncome.swift */ = {isa = PBXFileReference; lastKnownFileType = sourcecode.swift; path = PortfolioIncome.swift; sourceTree = "<group>"; };
		CE7026142AB06FD6004912E6 /* AbstractIncome.swift */ = {isa = PBXFileReference; lastKnownFileType = sourcecode.swift; path = AbstractIncome.swift; sourceTree = "<group>"; };
		CE8B4EBE2ACB390F004C8144 /* MoneyCountField.swift */ = {isa = PBXFileReference; lastKnownFileType = sourcecode.swift; path = MoneyCountField.swift; sourceTree = "<group>"; };
		CE8B4EC02ACB3961004C8144 /* MoneyInputField.swift */ = {isa = PBXFileReference; lastKnownFileType = sourcecode.swift; path = MoneyInputField.swift; sourceTree = "<group>"; };
		CE8B4EC22ACB3978004C8144 /* BankrollView.swift */ = {isa = PBXFileReference; lastKnownFileType = sourcecode.swift; path = BankrollView.swift; sourceTree = "<group>"; };
		CE8B4EC42ACB3987004C8144 /* CurrencyIcon.swift */ = {isa = PBXFileReference; lastKnownFileType = sourcecode.swift; path = CurrencyIcon.swift; sourceTree = "<group>"; };
		CE8B4EC62ACB3995004C8144 /* CurrencyPicker.swift */ = {isa = PBXFileReference; lastKnownFileType = sourcecode.swift; path = CurrencyPicker.swift; sourceTree = "<group>"; };
		CE8B4EC82ACB39A7004C8144 /* CurrencyView.swift */ = {isa = PBXFileReference; lastKnownFileType = sourcecode.swift; path = CurrencyView.swift; sourceTree = "<group>"; };
		CE8B4ECA2ACB39B5004C8144 /* SmallCurrencyPicker.swift */ = {isa = PBXFileReference; lastKnownFileType = sourcecode.swift; path = SmallCurrencyPicker.swift; sourceTree = "<group>"; };
		CE8B4ECD2ACB39D9004C8144 /* BankrollShape.swift */ = {isa = PBXFileReference; lastKnownFileType = sourcecode.swift; path = BankrollShape.swift; sourceTree = "<group>"; };
		CE8B4ECF2ACB3A85004C8144 /* CGSize+Ext.swift */ = {isa = PBXFileReference; lastKnownFileType = sourcecode.swift; path = "CGSize+Ext.swift"; sourceTree = "<group>"; };
		CE8B4ED12ACB3A96004C8144 /* Text+Ext.swift */ = {isa = PBXFileReference; lastKnownFileType = sourcecode.swift; path = "Text+Ext.swift"; sourceTree = "<group>"; };
		CE8B4ED32ACB3AC0004C8144 /* UIColor+Ext.swift */ = {isa = PBXFileReference; lastKnownFileType = sourcecode.swift; path = "UIColor+Ext.swift"; sourceTree = "<group>"; };
		CE8B4ED52ACB3AF1004C8144 /* Int+Ext.swift */ = {isa = PBXFileReference; lastKnownFileType = sourcecode.swift; path = "Int+Ext.swift"; sourceTree = "<group>"; };
		CE8B4ED92ACB3B6B004C8144 /* RoundedTextFieldStyle.swift */ = {isa = PBXFileReference; lastKnownFileType = sourcecode.swift; path = RoundedTextFieldStyle.swift; sourceTree = "<group>"; };
		CE8B4EDB2ACB3B83004C8144 /* LargeButtonStyle.swift */ = {isa = PBXFileReference; lastKnownFileType = sourcecode.swift; path = LargeButtonStyle.swift; sourceTree = "<group>"; };
		CE8B4EDD2ACB3BBC004C8144 /* ForEachWithIndex.swift */ = {isa = PBXFileReference; lastKnownFileType = sourcecode.swift; path = ForEachWithIndex.swift; sourceTree = "<group>"; };
		CE8B4EDF2ACB3C18004C8144 /* CurrencyPickerScreen.swift */ = {isa = PBXFileReference; lastKnownFileType = sourcecode.swift; path = CurrencyPickerScreen.swift; sourceTree = "<group>"; };
		CE8B4EE12ACB3C3F004C8144 /* MoneyHolderPicker.swift */ = {isa = PBXFileReference; lastKnownFileType = sourcecode.swift; path = MoneyHolderPicker.swift; sourceTree = "<group>"; };
		CEFD301A29DFDC12008A3071 /* MoneyHolder.swift */ = {isa = PBXFileReference; lastKnownFileType = sourcecode.swift; path = MoneyHolder.swift; sourceTree = "<group>"; };
		CEFD301E29DFE2E4008A3071 /* OtherTab.swift */ = {isa = PBXFileReference; lastKnownFileType = sourcecode.swift; path = OtherTab.swift; sourceTree = "<group>"; };
		CEFD302029DFE3E3008A3071 /* MoneyHolderCreationView.swift */ = {isa = PBXFileReference; lastKnownFileType = sourcecode.swift; path = MoneyHolderCreationView.swift; sourceTree = "<group>"; };
		CEFD302229DFEAA7008A3071 /* MoneyHolderRowView.swift */ = {isa = PBXFileReference; lastKnownFileType = sourcecode.swift; path = MoneyHolderRowView.swift; sourceTree = "<group>"; };
		CEFD302629E1318F008A3071 /* NumericTextField.swift */ = {isa = PBXFileReference; lastKnownFileType = sourcecode.swift; path = NumericTextField.swift; sourceTree = "<group>"; };
		CEFD303029E18FC2008A3071 /* Transaction.swift */ = {isa = PBXFileReference; lastKnownFileType = sourcecode.swift; path = Transaction.swift; sourceTree = "<group>"; };
/* End PBXFileReference section */

/* Begin PBXFrameworksBuildPhase section */
		CE177BC029D23EAC00C79390 /* Frameworks */ = {
			isa = PBXFrameworksBuildPhase;
			buildActionMask = 2147483647;
			files = (
			);
			runOnlyForDeploymentPostprocessing = 0;
		};
/* End PBXFrameworksBuildPhase section */

/* Begin PBXGroup section */
		CE1057672AAB38C400C6512A /* Incomes */ = {
			isa = PBXGroup;
			children = (
				CE30DC8A29D2EED3009C519A /* Income.swift */,
				CE1057682AAB38DA00C6512A /* ActiveIncome.swift */,
				CE10577C2AAC7EF200C6512A /* PassiveIncome.swift */,
				CE10577E2AAC7FEA00C6512A /* IncomeType.swift */,
				CE7026122AB06DC4004912E6 /* PortfolioIncome.swift */,
				CE7026142AB06FD6004912E6 /* AbstractIncome.swift */,
			);
			path = Incomes;
			sourceTree = "<group>";
		};
		CE10576D2AAB4E1100C6512A /* IncomesTab */ = {
			isa = PBXGroup;
			children = (
				CE10576E2AAB4E2500C6512A /* IncomesTab.swift */,
				CE1057702AAB4F0800C6512A /* IncomeCreationView.swift */,
			);
			path = IncomesTab;
			sourceTree = "<group>";
		};
		CE1057792AAC7C7100C6512A /* Errors */ = {
			isa = PBXGroup;
			children = (
				CE10577A2AAC7C7A00C6512A /* GeneralError.swift */,
			);
			path = Errors;
			sourceTree = "<group>";
		};
		CE177BBA29D23EAC00C79390 = {
			isa = PBXGroup;
			children = (
				CE177BC529D23EAC00C79390 /* AssetsControl */,
				CE177BC429D23EAC00C79390 /* Products */,
			);
			sourceTree = "<group>";
		};
		CE177BC429D23EAC00C79390 /* Products */ = {
			isa = PBXGroup;
			children = (
				CE177BC329D23EAC00C79390 /* AssetsControl.app */,
			);
			name = Products;
			sourceTree = "<group>";
		};
		CE177BC529D23EAC00C79390 /* AssetsControl */ = {
			isa = PBXGroup;
			children = (
				CE177BDF29D2473000C79390 /* Models */,
				CE177BD529D2438800C79390 /* Views */,
				CE177BE529D247AB00C79390 /* ViewModels */,
				CE177BDE29D243EF00C79390 /* Lifecycle */,
				CE177BDD29D243E600C79390 /* Utilities */,
				CE177BE429D2479600C79390 /* Extensions */,
				CE177BE329D2478A00C79390 /* Enumerations */,
				CE177BE229D2477300C79390 /* Styles */,
				CE177BE129D2476200C79390 /* ViewModifiers */,
				CE177BE029D2473E00C79390 /* Components */,
				CE177BD729D243A100C79390 /* Assets */,
				CE177BCC29D23EAE00C79390 /* Preview Content */,
			);
			path = AssetsControl;
			sourceTree = "<group>";
		};
		CE177BCC29D23EAE00C79390 /* Preview Content */ = {
			isa = PBXGroup;
			children = (
				CE177BCD29D23EAE00C79390 /* Preview Assets.xcassets */,
			);
			path = "Preview Content";
			sourceTree = "<group>";
		};
		CE177BD529D2438800C79390 /* Views */ = {
			isa = PBXGroup;
			children = (
				CE177BC829D23EAC00C79390 /* MainView.swift */,
				CE30DCC429D32906009C519A /* ExpensesTab */,
				CE10576D2AAB4E1100C6512A /* IncomesTab */,
				CE30DCC729D32AC9009C519A /* AssetsTab */,
				CEFD301D29DFE2C8008A3071 /* OtherTab */,
				CE30DC9029D2FD98009C519A /* ExpenseView.swift */,
				CE30DC9229D2FE62009C519A /* SymbolImage.swift */,
				CE1057722AAB543900C6512A /* ActiveIncomeView.swift */,
				CE8B4EE12ACB3C3F004C8144 /* MoneyHolderPicker.swift */,
				CE8B4EDF2ACB3C18004C8144 /* CurrencyPickerScreen.swift */,
			);
			path = Views;
			sourceTree = "<group>";
		};
		CE177BD729D243A100C79390 /* Assets */ = {
			isa = PBXGroup;
			children = (
				CE177BCA29D23EAE00C79390 /* Assets.xcassets */,
			);
			path = Assets;
			sourceTree = "<group>";
		};
		CE177BDD29D243E600C79390 /* Utilities */ = {
			isa = PBXGroup;
			children = (
				CE8B4ECC2ACB39CC004C8144 /* Shapes */,
				CE1057792AAC7C7100C6512A /* Errors */,
				CE30DC8329D2EA2F009C519A /* Formatters */,
				CE30DC6829D2D44E009C519A /* APIs */,
				CE30DC6629D2D44E009C519A /* Enumerations */,
				CE30DC6F29D2D44E009C519A /* EnvironmentKeys */,
				CE30DC6029D2D44E009C519A /* Models */,
			);
			path = Utilities;
			sourceTree = "<group>";
		};
		CE177BDE29D243EF00C79390 /* Lifecycle */ = {
			isa = PBXGroup;
			children = (
				CE177BC629D23EAC00C79390 /* AssetsControlApp.swift */,
			);
			path = Lifecycle;
			sourceTree = "<group>";
		};
		CE177BDF29D2473000C79390 /* Models */ = {
			isa = PBXGroup;
			children = (
				CE1057672AAB38C400C6512A /* Incomes */,
				CEFD301A29DFDC12008A3071 /* MoneyHolder.swift */,
				CE30DC9629D30C96009C519A /* Stores */,
				CE30DC7529D2DC7B009C519A /* Expense.swift */,
				CE30DC7729D2DD9E009C519A /* Symbol.swift */,
				CE30DC7929D2DEB1009C519A /* Debt.swift */,
				CE30DC8629D2EC8D009C519A /* Asset.swift */,
				CE30DC8829D2EDB2009C519A /* Stock.swift */,
				CE30DC9429D30C1E009C519A /* FinancialData.swift */,
				CEFD303029E18FC2008A3071 /* Transaction.swift */,
				CE10576A2AAB49BA00C6512A /* IncomeSource.swift */,
			);
			path = Models;
			sourceTree = "<group>";
		};
		CE177BE029D2473E00C79390 /* Components */ = {
			isa = PBXGroup;
			children = (
				CE8B4EBC2ACB38D8004C8144 /* Money */,
				CE30DC5129D2D400009C519A /* CloseNavigationButton.swift */,
				CE30DC4E29D2D400009C519A /* ColorfulBadge.swift */,
				CE30DC4D29D2D400009C519A /* MultilineTextField.swift */,
				CE30DC4C29D2D400009C519A /* MultiSelectPickerView.swift */,
				CE30DC7D29D2E922009C519A /* OptionalDoubleField.swift */,
				CEFD302629E1318F008A3071 /* NumericTextField.swift */,
				CE8B4EDD2ACB3BBC004C8144 /* ForEachWithIndex.swift */,
			);
			path = Components;
			sourceTree = "<group>";
		};
		CE177BE129D2476200C79390 /* ViewModifiers */ = {
			isa = PBXGroup;
			children = (
			);
			path = ViewModifiers;
			sourceTree = "<group>";
		};
		CE177BE229D2477300C79390 /* Styles */ = {
			isa = PBXGroup;
			children = (
				CE8B4ED72ACB3B4A004C8144 /* Button */,
				CE8B4ED82ACB3B52004C8144 /* TextField */,
			);
			path = Styles;
			sourceTree = "<group>";
		};
		CE177BE329D2478A00C79390 /* Enumerations */ = {
			isa = PBXGroup;
			children = (
				CE30DC5329D2D416009C519A /* Errors */,
			);
			path = Enumerations;
			sourceTree = "<group>";
		};
		CE177BE429D2479600C79390 /* Extensions */ = {
			isa = PBXGroup;
			children = (
				CE30DCE029D456E7009C519A /* Comparable+Ext.swift */,
				CE30DCDB29D456E7009C519A /* Date+Ext.swift */,
				CE30DCE429D456E7009C519A /* DateComponents+Ext.swift */,
				CE30DCE229D456E7009C519A /* Dictionary+Ext.swift */,
				CE30DCE129D456E7009C519A /* JsonExtension.swift */,
				CE30DCDF29D456E7009C519A /* String+Ext.swift */,
				CE30DCDC29D456E7009C519A /* UIApplication+Ext.swift */,
				CE30DCDE29D456E7009C519A /* UIScreen+Ext.swift */,
				CE30DCDD29D456E7009C519A /* View+Ext.swift */,
				CE30DCBC29D326B7009C519A /* Collection+Ext.swift */,
				CE30DCBE29D32778009C519A /* TimeInterval+Ext.swift */,
				CE30DCC029D327B5009C519A /* Image+Ext.swift */,
				CE30DCC229D327E2009C519A /* Color+Ext.swift */,
				CE8B4ED32ACB3AC0004C8144 /* UIColor+Ext.swift */,
				CE30DCEF29D4585E009C519A /* TestValueExtension.swift */,
				CE8B4ECF2ACB3A85004C8144 /* CGSize+Ext.swift */,
				CE8B4ED12ACB3A96004C8144 /* Text+Ext.swift */,
				CE8B4ED52ACB3AF1004C8144 /* Int+Ext.swift */,
			);
			path = Extensions;
			sourceTree = "<group>";
		};
		CE177BE529D247AB00C79390 /* ViewModels */ = {
			isa = PBXGroup;
			children = (
			);
			path = ViewModels;
			sourceTree = "<group>";
		};
		CE30DC5329D2D416009C519A /* Errors */ = {
			isa = PBXGroup;
			children = (
			);
			path = Errors;
			sourceTree = "<group>";
		};
		CE30DC6029D2D44E009C519A /* Models */ = {
			isa = PBXGroup;
			children = (
				CE30DC6229D2D44E009C519A /* Time.swift */,
				CE30DC6329D2D44E009C519A /* Day.swift */,
				CE30DC6429D2D44E009C519A /* Money.swift */,
				CE30DC6529D2D44E009C519A /* AlertItem.swift */,
			);
			path = Models;
			sourceTree = "<group>";
		};
		CE30DC6629D2D44E009C519A /* Enumerations */ = {
			isa = PBXGroup;
			children = (
				CE30DC6729D2D44E009C519A /* Currency.swift */,
			);
			path = Enumerations;
			sourceTree = "<group>";
		};
		CE30DC6829D2D44E009C519A /* APIs */ = {
			isa = PBXGroup;
			children = (
			);
			path = APIs;
			sourceTree = "<group>";
		};
		CE30DC6C29D2D44E009C519A /* DateFormatters */ = {
			isa = PBXGroup;
			children = (
				CE30DC6E29D2D44E009C519A /* TimeIntervalFormatter.swift */,
				CE30DC9929D320C0009C519A /* DateFormatterContainer.swift */,
			);
			path = DateFormatters;
			sourceTree = "<group>";
		};
		CE30DC6F29D2D44E009C519A /* EnvironmentKeys */ = {
			isa = PBXGroup;
			children = (
				CE30DC7029D2D44E009C519A /* RootPresentationModeKey.swift */,
			);
			path = EnvironmentKeys;
			sourceTree = "<group>";
		};
		CE30DC8329D2EA2F009C519A /* Formatters */ = {
			isa = PBXGroup;
			children = (
				CE30DC6C29D2D44E009C519A /* DateFormatters */,
				CE30DC6B29D2D44E009C519A /* StringFormatterContainer.swift */,
				CE30DC8429D2EA4E009C519A /* NumberFormatterContainer.swift */,
			);
			path = Formatters;
			sourceTree = "<group>";
		};
		CE30DC9629D30C96009C519A /* Stores */ = {
			isa = PBXGroup;
			children = (
				CE30DC9729D30CB8009C519A /* FinancialDataStore.swift */,
			);
			path = Stores;
			sourceTree = "<group>";
		};
		CE30DCC429D32906009C519A /* ExpensesTab */ = {
			isa = PBXGroup;
			children = (
				CE30DCC529D3291B009C519A /* ExpensesTab.swift */,
				CE30DC7329D2DAEB009C519A /* ExpenseCreationView.swift */,
				CE30DC7F29D2E959009C519A /* SymbolPicker.swift */,
			);
			path = ExpensesTab;
			sourceTree = "<group>";
		};
		CE30DCC729D32AC9009C519A /* AssetsTab */ = {
			isa = PBXGroup;
			children = (
				CE30DCC829D32BB1009C519A /* AssetsTab.swift */,
			);
			path = AssetsTab;
			sourceTree = "<group>";
		};
		CE8B4EBC2ACB38D8004C8144 /* Money */ = {
			isa = PBXGroup;
			children = (
				CE8B4EBD2ACB38E1004C8144 /* Currency */,
				CE8B4EBE2ACB390F004C8144 /* MoneyCountField.swift */,
				CE8B4EC02ACB3961004C8144 /* MoneyInputField.swift */,
			);
			path = Money;
			sourceTree = "<group>";
		};
		CE8B4EBD2ACB38E1004C8144 /* Currency */ = {
			isa = PBXGroup;
			children = (
				CE8B4EC22ACB3978004C8144 /* BankrollView.swift */,
				CE8B4EC42ACB3987004C8144 /* CurrencyIcon.swift */,
				CE8B4EC62ACB3995004C8144 /* CurrencyPicker.swift */,
				CE8B4EC82ACB39A7004C8144 /* CurrencyView.swift */,
				CE8B4ECA2ACB39B5004C8144 /* SmallCurrencyPicker.swift */,
			);
			path = Currency;
			sourceTree = "<group>";
		};
		CE8B4ECC2ACB39CC004C8144 /* Shapes */ = {
			isa = PBXGroup;
			children = (
				CE8B4ECD2ACB39D9004C8144 /* BankrollShape.swift */,
			);
			path = Shapes;
			sourceTree = "<group>";
		};
		CE8B4ED72ACB3B4A004C8144 /* Button */ = {
			isa = PBXGroup;
			children = (
				CE8B4EDB2ACB3B83004C8144 /* LargeButtonStyle.swift */,
			);
			path = Button;
			sourceTree = "<group>";
		};
		CE8B4ED82ACB3B52004C8144 /* TextField */ = {
			isa = PBXGroup;
			children = (
				CE8B4ED92ACB3B6B004C8144 /* RoundedTextFieldStyle.swift */,
			);
			path = TextField;
			sourceTree = "<group>";
		};
		CEFD301D29DFE2C8008A3071 /* OtherTab */ = {
			isa = PBXGroup;
			children = (
				CEFD301E29DFE2E4008A3071 /* OtherTab.swift */,
				CEFD302029DFE3E3008A3071 /* MoneyHolderCreationView.swift */,
				CEFD302229DFEAA7008A3071 /* MoneyHolderRowView.swift */,
			);
			path = OtherTab;
			sourceTree = "<group>";
		};
/* End PBXGroup section */

/* Begin PBXNativeTarget section */
		CE177BC229D23EAC00C79390 /* AssetsControl */ = {
			isa = PBXNativeTarget;
			buildConfigurationList = CE177BD129D23EAE00C79390 /* Build configuration list for PBXNativeTarget "AssetsControl" */;
			buildPhases = (
				CE177BBF29D23EAC00C79390 /* Sources */,
				CE177BC029D23EAC00C79390 /* Frameworks */,
				CE177BC129D23EAC00C79390 /* Resources */,
				CE22399F2AD4626400A95E70 /* ShellScript */,
			);
			buildRules = (
			);
			dependencies = (
			);
			name = AssetsControl;
			packageProductDependencies = (
			);
			productName = AssetsControl;
			productReference = CE177BC329D23EAC00C79390 /* AssetsControl.app */;
			productType = "com.apple.product-type.application";
		};
/* End PBXNativeTarget section */

/* Begin PBXProject section */
		CE177BBB29D23EAC00C79390 /* Project object */ = {
			isa = PBXProject;
			attributes = {
				BuildIndependentTargetsInParallel = 1;
				LastSwiftUpdateCheck = 1420;
				LastUpgradeCheck = 1420;
				TargetAttributes = {
					CE177BC229D23EAC00C79390 = {
						CreatedOnToolsVersion = 14.2;
					};
				};
			};
			buildConfigurationList = CE177BBE29D23EAC00C79390 /* Build configuration list for PBXProject "AssetsControl" */;
			compatibilityVersion = "Xcode 14.0";
			developmentRegion = en;
			hasScannedForEncodings = 0;
			knownRegions = (
				en,
				Base,
			);
			mainGroup = CE177BBA29D23EAC00C79390;
			packageReferences = (
			);
			productRefGroup = CE177BC429D23EAC00C79390 /* Products */;
			projectDirPath = "";
			projectRoot = "";
			targets = (
				CE177BC229D23EAC00C79390 /* AssetsControl */,
			);
		};
/* End PBXProject section */

/* Begin PBXResourcesBuildPhase section */
		CE177BC129D23EAC00C79390 /* Resources */ = {
			isa = PBXResourcesBuildPhase;
			buildActionMask = 2147483647;
			files = (
				CE177BCE29D23EAE00C79390 /* Preview Assets.xcassets in Resources */,
				CE177BCB29D23EAE00C79390 /* Assets.xcassets in Resources */,
			);
			runOnlyForDeploymentPostprocessing = 0;
		};
/* End PBXResourcesBuildPhase section */

/* Begin PBXShellScriptBuildPhase section */
		CE22399F2AD4626400A95E70 /* ShellScript */ = {
			isa = PBXShellScriptBuildPhase;
			buildActionMask = 2147483647;
			files = (
			);
			inputFileListPaths = (
			);
			inputPaths = (
			);
			outputFileListPaths = (
			);
			outputPaths = (
			);
			runOnlyForDeploymentPostprocessing = 0;
			shellPath = /bin/sh;
			shellScript = "if which swiftlint >/dev/null; then\n    swiftlint\nelse\n    echo \"warning: SwiftLint not installed, download from https://github.com/realm/SwiftLint\"\nfi\n";
		};
/* End PBXShellScriptBuildPhase section */

/* Begin PBXSourcesBuildPhase section */
		CE177BBF29D23EAC00C79390 /* Sources */ = {
			isa = PBXSourcesBuildPhase;
			buildActionMask = 2147483647;
			files = (
				CE30DCEB29D456E7009C519A /* UIApplication+Ext.swift in Sources */,
				CE177BC929D23EAC00C79390 /* MainView.swift in Sources */,
				CEFD301F29DFE2E4008A3071 /* OtherTab.swift in Sources */,
				CE30DC8729D2EC8D009C519A /* Asset.swift in Sources */,
				CE8B4ECE2ACB39D9004C8144 /* BankrollShape.swift in Sources */,
				CE30DC8529D2EA4E009C519A /* NumberFormatterContainer.swift in Sources */,
				CE30DC8029D2E959009C519A /* SymbolPicker.swift in Sources */,
				CE1057712AAB4F0800C6512A /* IncomeCreationView.swift in Sources */,
				CE30DCEE29D456E7009C519A /* Date+Ext.swift in Sources */,
				CE8B4EDA2ACB3B6B004C8144 /* RoundedTextFieldStyle.swift in Sources */,
				CE10577F2AAC7FEA00C6512A /* IncomeType.swift in Sources */,
				CE30DC9A29D320C0009C519A /* DateFormatterContainer.swift in Sources */,
				CEFD302129DFE3E3008A3071 /* MoneyHolderCreationView.swift in Sources */,
				CE30DCEC29D456E7009C519A /* UIScreen+Ext.swift in Sources */,
				CE30DCD729D45602009C519A /* MultilineTextField.swift in Sources */,
				CE8B4ED02ACB3A85004C8144 /* CGSize+Ext.swift in Sources */,
				CE30DCD429D455FE009C519A /* ColorfulBadge.swift in Sources */,
				CE30DCDA29D45606009C519A /* OptionalDoubleField.swift in Sources */,
				CE30DCC129D327B5009C519A /* Image+Ext.swift in Sources */,
				CE10577D2AAC7EF200C6512A /* PassiveIncome.swift in Sources */,
				CE8B4EC92ACB39A7004C8144 /* CurrencyView.swift in Sources */,
				CE7026132AB06DC4004912E6 /* PortfolioIncome.swift in Sources */,
				CE8B4EDC2ACB3B83004C8144 /* LargeButtonStyle.swift in Sources */,
				CE30DC7A29D2DEB1009C519A /* Debt.swift in Sources */,
				CE30DC7429D2DAEB009C519A /* ExpenseCreationView.swift in Sources */,
				CE30DCEA29D456E7009C519A /* Dictionary+Ext.swift in Sources */,
				CE10576F2AAB4E2500C6512A /* IncomesTab.swift in Sources */,
				CE30DCCC29D455E2009C519A /* StringFormatterContainer.swift in Sources */,
				CE30DC9829D30CB8009C519A /* FinancialDataStore.swift in Sources */,
				CE30DCCF29D455EE009C519A /* Time.swift in Sources */,
				CE30DCD029D455F0009C519A /* Day.swift in Sources */,
				CE30DCCD29D455E6009C519A /* Currency.swift in Sources */,
				CE30DCD129D455F1009C519A /* Money.swift in Sources */,
				CE30DC9129D2FD98009C519A /* ExpenseView.swift in Sources */,
				CE30DCD229D455F3009C519A /* AlertItem.swift in Sources */,
				CE8B4ED62ACB3AF1004C8144 /* Int+Ext.swift in Sources */,
				CEFD302329DFEAA7008A3071 /* MoneyHolderRowView.swift in Sources */,
				CE30DCD329D455FD009C519A /* CloseNavigationButton.swift in Sources */,
				CE30DCC929D32BB1009C519A /* AssetsTab.swift in Sources */,
				CEFD302729E1318F008A3071 /* NumericTextField.swift in Sources */,
				CE8B4EC52ACB3987004C8144 /* CurrencyIcon.swift in Sources */,
				CE30DCBD29D326B7009C519A /* Collection+Ext.swift in Sources */,
				CE30DCCB29D455DE009C519A /* TimeIntervalFormatter.swift in Sources */,
				CE30DCC629D3291B009C519A /* ExpensesTab.swift in Sources */,
				CE30DCD829D45604009C519A /* MultiSelectPickerView.swift in Sources */,
				CE30DC8929D2EDB2009C519A /* Stock.swift in Sources */,
				CE1057732AAB543900C6512A /* ActiveIncomeView.swift in Sources */,
				CE8B4EE02ACB3C18004C8144 /* CurrencyPickerScreen.swift in Sources */,
				CE30DCED29D456E7009C519A /* View+Ext.swift in Sources */,
				CE30DCCE29D455EA009C519A /* RootPresentationModeKey.swift in Sources */,
				CE8B4EE22ACB3C3F004C8144 /* MoneyHolderPicker.swift in Sources */,
				CE177BC729D23EAC00C79390 /* AssetsControlApp.swift in Sources */,
				CE30DC7629D2DC7B009C519A /* Expense.swift in Sources */,
				CEFD303129E18FC2008A3071 /* Transaction.swift in Sources */,
				CEFD301B29DFDC12008A3071 /* MoneyHolder.swift in Sources */,
				CE30DCE929D456E7009C519A /* JsonExtension.swift in Sources */,
				CE30DC8B29D2EED3009C519A /* Income.swift in Sources */,
				CE1057692AAB38DA00C6512A /* ActiveIncome.swift in Sources */,
				CE7026152AB06FD6004912E6 /* AbstractIncome.swift in Sources */,
				CE10577B2AAC7C7A00C6512A /* GeneralError.swift in Sources */,
				CE30DCE529D456E7009C519A /* Comparable+Ext.swift in Sources */,
				CE8B4ED22ACB3A96004C8144 /* Text+Ext.swift in Sources */,
				CE30DCE729D456E7009C519A /* String+Ext.swift in Sources */,
				CE10576B2AAB49BA00C6512A /* IncomeSource.swift in Sources */,
				CE30DCF029D4585E009C519A /* TestValueExtension.swift in Sources */,
				CE30DC9529D30C1E009C519A /* FinancialData.swift in Sources */,
				CE8B4EBF2ACB390F004C8144 /* MoneyCountField.swift in Sources */,
				CE30DCC329D327E2009C519A /* Color+Ext.swift in Sources */,
				CE30DC7829D2DD9E009C519A /* Symbol.swift in Sources */,
				CE8B4EC72ACB3995004C8144 /* CurrencyPicker.swift in Sources */,
				CE30DCE829D456E7009C519A /* DateComponents+Ext.swift in Sources */,
				CE30DCBF29D32778009C519A /* TimeInterval+Ext.swift in Sources */,
				CE8B4EC32ACB3978004C8144 /* BankrollView.swift in Sources */,
				CE30DC9329D2FE62009C519A /* SymbolImage.swift in Sources */,
				CE8B4ED42ACB3AC0004C8144 /* UIColor+Ext.swift in Sources */,
				CE8B4EDE2ACB3BBC004C8144 /* ForEachWithIndex.swift in Sources */,
				CE8B4ECB2ACB39B5004C8144 /* SmallCurrencyPicker.swift in Sources */,
				CE8B4EC12ACB3961004C8144 /* MoneyInputField.swift in Sources */,
			);
			runOnlyForDeploymentPostprocessing = 0;
		};
/* End PBXSourcesBuildPhase section */

/* Begin XCBuildConfiguration section */
		CE177BCF29D23EAE00C79390 /* Debug */ = {
			isa = XCBuildConfiguration;
			buildSettings = {
				ALWAYS_SEARCH_USER_PATHS = NO;
				CLANG_ANALYZER_NONNULL = YES;
				CLANG_ANALYZER_NUMBER_OBJECT_CONVERSION = YES_AGGRESSIVE;
				CLANG_CXX_LANGUAGE_STANDARD = "gnu++20";
				CLANG_ENABLE_MODULES = YES;
				CLANG_ENABLE_OBJC_ARC = YES;
				CLANG_ENABLE_OBJC_WEAK = YES;
				CLANG_WARN_BLOCK_CAPTURE_AUTORELEASING = YES;
				CLANG_WARN_BOOL_CONVERSION = YES;
				CLANG_WARN_COMMA = YES;
				CLANG_WARN_CONSTANT_CONVERSION = YES;
				CLANG_WARN_DEPRECATED_OBJC_IMPLEMENTATIONS = YES;
				CLANG_WARN_DIRECT_OBJC_ISA_USAGE = YES_ERROR;
				CLANG_WARN_DOCUMENTATION_COMMENTS = YES;
				CLANG_WARN_EMPTY_BODY = YES;
				CLANG_WARN_ENUM_CONVERSION = YES;
				CLANG_WARN_INFINITE_RECURSION = YES;
				CLANG_WARN_INT_CONVERSION = YES;
				CLANG_WARN_NON_LITERAL_NULL_CONVERSION = YES;
				CLANG_WARN_OBJC_IMPLICIT_RETAIN_SELF = YES;
				CLANG_WARN_OBJC_LITERAL_CONVERSION = YES;
				CLANG_WARN_OBJC_ROOT_CLASS = YES_ERROR;
				CLANG_WARN_QUOTED_INCLUDE_IN_FRAMEWORK_HEADER = YES;
				CLANG_WARN_RANGE_LOOP_ANALYSIS = YES;
				CLANG_WARN_STRICT_PROTOTYPES = YES;
				CLANG_WARN_SUSPICIOUS_MOVE = YES;
				CLANG_WARN_UNGUARDED_AVAILABILITY = YES_AGGRESSIVE;
				CLANG_WARN_UNREACHABLE_CODE = YES;
				CLANG_WARN__DUPLICATE_METHOD_MATCH = YES;
				COPY_PHASE_STRIP = NO;
				DEBUG_INFORMATION_FORMAT = dwarf;
				ENABLE_STRICT_OBJC_MSGSEND = YES;
				ENABLE_TESTABILITY = YES;
				GCC_C_LANGUAGE_STANDARD = gnu11;
				GCC_DYNAMIC_NO_PIC = NO;
				GCC_NO_COMMON_BLOCKS = YES;
				GCC_OPTIMIZATION_LEVEL = 0;
				GCC_PREPROCESSOR_DEFINITIONS = (
					"DEBUG=1",
					"$(inherited)",
				);
				GCC_WARN_64_TO_32_BIT_CONVERSION = YES;
				GCC_WARN_ABOUT_RETURN_TYPE = YES_ERROR;
				GCC_WARN_UNDECLARED_SELECTOR = YES;
				GCC_WARN_UNINITIALIZED_AUTOS = YES_AGGRESSIVE;
				GCC_WARN_UNUSED_FUNCTION = YES;
				GCC_WARN_UNUSED_VARIABLE = YES;
				IPHONEOS_DEPLOYMENT_TARGET = 16.2;
				MTL_ENABLE_DEBUG_INFO = INCLUDE_SOURCE;
				MTL_FAST_MATH = YES;
				ONLY_ACTIVE_ARCH = YES;
				SDKROOT = iphoneos;
				SWIFT_ACTIVE_COMPILATION_CONDITIONS = DEBUG;
				SWIFT_OPTIMIZATION_LEVEL = "-Onone";
			};
			name = Debug;
		};
		CE177BD029D23EAE00C79390 /* Release */ = {
			isa = XCBuildConfiguration;
			buildSettings = {
				ALWAYS_SEARCH_USER_PATHS = NO;
				CLANG_ANALYZER_NONNULL = YES;
				CLANG_ANALYZER_NUMBER_OBJECT_CONVERSION = YES_AGGRESSIVE;
				CLANG_CXX_LANGUAGE_STANDARD = "gnu++20";
				CLANG_ENABLE_MODULES = YES;
				CLANG_ENABLE_OBJC_ARC = YES;
				CLANG_ENABLE_OBJC_WEAK = YES;
				CLANG_WARN_BLOCK_CAPTURE_AUTORELEASING = YES;
				CLANG_WARN_BOOL_CONVERSION = YES;
				CLANG_WARN_COMMA = YES;
				CLANG_WARN_CONSTANT_CONVERSION = YES;
				CLANG_WARN_DEPRECATED_OBJC_IMPLEMENTATIONS = YES;
				CLANG_WARN_DIRECT_OBJC_ISA_USAGE = YES_ERROR;
				CLANG_WARN_DOCUMENTATION_COMMENTS = YES;
				CLANG_WARN_EMPTY_BODY = YES;
				CLANG_WARN_ENUM_CONVERSION = YES;
				CLANG_WARN_INFINITE_RECURSION = YES;
				CLANG_WARN_INT_CONVERSION = YES;
				CLANG_WARN_NON_LITERAL_NULL_CONVERSION = YES;
				CLANG_WARN_OBJC_IMPLICIT_RETAIN_SELF = YES;
				CLANG_WARN_OBJC_LITERAL_CONVERSION = YES;
				CLANG_WARN_OBJC_ROOT_CLASS = YES_ERROR;
				CLANG_WARN_QUOTED_INCLUDE_IN_FRAMEWORK_HEADER = YES;
				CLANG_WARN_RANGE_LOOP_ANALYSIS = YES;
				CLANG_WARN_STRICT_PROTOTYPES = YES;
				CLANG_WARN_SUSPICIOUS_MOVE = YES;
				CLANG_WARN_UNGUARDED_AVAILABILITY = YES_AGGRESSIVE;
				CLANG_WARN_UNREACHABLE_CODE = YES;
				CLANG_WARN__DUPLICATE_METHOD_MATCH = YES;
				COPY_PHASE_STRIP = NO;
				DEBUG_INFORMATION_FORMAT = "dwarf-with-dsym";
				ENABLE_NS_ASSERTIONS = NO;
				ENABLE_STRICT_OBJC_MSGSEND = YES;
				GCC_C_LANGUAGE_STANDARD = gnu11;
				GCC_NO_COMMON_BLOCKS = YES;
				GCC_WARN_64_TO_32_BIT_CONVERSION = YES;
				GCC_WARN_ABOUT_RETURN_TYPE = YES_ERROR;
				GCC_WARN_UNDECLARED_SELECTOR = YES;
				GCC_WARN_UNINITIALIZED_AUTOS = YES_AGGRESSIVE;
				GCC_WARN_UNUSED_FUNCTION = YES;
				GCC_WARN_UNUSED_VARIABLE = YES;
				IPHONEOS_DEPLOYMENT_TARGET = 16.2;
				MTL_ENABLE_DEBUG_INFO = NO;
				MTL_FAST_MATH = YES;
				SDKROOT = iphoneos;
				SWIFT_COMPILATION_MODE = wholemodule;
				SWIFT_OPTIMIZATION_LEVEL = "-O";
				VALIDATE_PRODUCT = YES;
			};
			name = Release;
		};
		CE177BD229D23EAE00C79390 /* Debug */ = {
			isa = XCBuildConfiguration;
			buildSettings = {
				ASSETCATALOG_COMPILER_APPICON_NAME = AppIcon;
				ASSETCATALOG_COMPILER_GLOBAL_ACCENT_COLOR_NAME = AccentColor;
				CODE_SIGN_STYLE = Automatic;
				CURRENT_PROJECT_VERSION = 1;
				DEVELOPMENT_ASSET_PATHS = "\"AssetsControl/Preview Content\"";
				DEVELOPMENT_TEAM = D86YAFJU4P;
				ENABLE_PREVIEWS = YES;
				GENERATE_INFOPLIST_FILE = YES;
				INFOPLIST_KEY_CFBundleDisplayName = "Assets control";
				INFOPLIST_KEY_UIApplicationSceneManifest_Generation = YES;
				INFOPLIST_KEY_UIApplicationSupportsIndirectInputEvents = YES;
				INFOPLIST_KEY_UILaunchScreen_Generation = YES;
				INFOPLIST_KEY_UISupportedInterfaceOrientations = UIInterfaceOrientationPortrait;
				INFOPLIST_KEY_UISupportedInterfaceOrientations_iPad = "UIInterfaceOrientationLandscapeLeft UIInterfaceOrientationLandscapeRight UIInterfaceOrientationPortrait UIInterfaceOrientationPortraitUpsideDown";
				IPHONEOS_DEPLOYMENT_TARGET = 14.0;
				LD_RUNPATH_SEARCH_PATHS = (
					"$(inherited)",
					"@executable_path/Frameworks",
				);
				MARKETING_VERSION = 1.0;
				PRODUCT_BUNDLE_IDENTIFIER = com.wingsmight.AssetsControl;
				PRODUCT_NAME = "$(TARGET_NAME)";
				SWIFT_EMIT_LOC_STRINGS = YES;
				SWIFT_VERSION = 5.0;
				TARGETED_DEVICE_FAMILY = "1,2";
			};
			name = Debug;
		};
		CE177BD329D23EAE00C79390 /* Release */ = {
			isa = XCBuildConfiguration;
			buildSettings = {
				ASSETCATALOG_COMPILER_APPICON_NAME = AppIcon;
				ASSETCATALOG_COMPILER_GLOBAL_ACCENT_COLOR_NAME = AccentColor;
				CODE_SIGN_STYLE = Automatic;
				CURRENT_PROJECT_VERSION = 1;
				DEVELOPMENT_ASSET_PATHS = "\"AssetsControl/Preview Content\"";
				DEVELOPMENT_TEAM = D86YAFJU4P;
				ENABLE_PREVIEWS = YES;
				GENERATE_INFOPLIST_FILE = YES;
				INFOPLIST_KEY_CFBundleDisplayName = "Assets control";
				INFOPLIST_KEY_UIApplicationSceneManifest_Generation = YES;
				INFOPLIST_KEY_UIApplicationSupportsIndirectInputEvents = YES;
				INFOPLIST_KEY_UILaunchScreen_Generation = YES;
				INFOPLIST_KEY_UISupportedInterfaceOrientations = UIInterfaceOrientationPortrait;
				INFOPLIST_KEY_UISupportedInterfaceOrientations_iPad = "UIInterfaceOrientationLandscapeLeft UIInterfaceOrientationLandscapeRight UIInterfaceOrientationPortrait UIInterfaceOrientationPortraitUpsideDown";
				IPHONEOS_DEPLOYMENT_TARGET = 14.0;
				LD_RUNPATH_SEARCH_PATHS = (
					"$(inherited)",
					"@executable_path/Frameworks",
				);
				MARKETING_VERSION = 1.0;
				PRODUCT_BUNDLE_IDENTIFIER = com.wingsmight.AssetsControl;
				PRODUCT_NAME = "$(TARGET_NAME)";
				SWIFT_EMIT_LOC_STRINGS = YES;
				SWIFT_VERSION = 5.0;
				TARGETED_DEVICE_FAMILY = "1,2";
			};
			name = Release;
		};
/* End XCBuildConfiguration section */

/* Begin XCConfigurationList section */
		CE177BBE29D23EAC00C79390 /* Build configuration list for PBXProject "AssetsControl" */ = {
			isa = XCConfigurationList;
			buildConfigurations = (
				CE177BCF29D23EAE00C79390 /* Debug */,
				CE177BD029D23EAE00C79390 /* Release */,
			);
			defaultConfigurationIsVisible = 0;
			defaultConfigurationName = Release;
		};
		CE177BD129D23EAE00C79390 /* Build configuration list for PBXNativeTarget "AssetsControl" */ = {
			isa = XCConfigurationList;
			buildConfigurations = (
				CE177BD229D23EAE00C79390 /* Debug */,
				CE177BD329D23EAE00C79390 /* Release */,
			);
			defaultConfigurationIsVisible = 0;
			defaultConfigurationName = Release;
		};
/* End XCConfigurationList section */
	};
	rootObject = CE177BBB29D23EAC00C79390 /* Project object */;
}
